// !$*UTF8*$!
{
	archiveVersion = 1;
	classes = {
	};
	objectVersion = 46;
	objects = {

/* Begin PBXBuildFile section */
		B37E78581AA2BAC2000EA278 /* AppDelegate.swift in Sources */ = {isa = PBXBuildFile; fileRef = B37E78571AA2BAC2000EA278 /* AppDelegate.swift */; };
		B37E785A1AA2BAC2000EA278 /* GameScene.sks in Resources */ = {isa = PBXBuildFile; fileRef = B37E78591AA2BAC2000EA278 /* GameScene.sks */; };
		B37E785C1AA2BAC2000EA278 /* GameScene.swift in Sources */ = {isa = PBXBuildFile; fileRef = B37E785B1AA2BAC2000EA278 /* GameScene.swift */; };
		B37E785E1AA2BAC2000EA278 /* GameViewController.swift in Sources */ = {isa = PBXBuildFile; fileRef = B37E785D1AA2BAC2000EA278 /* GameViewController.swift */; };
		B37E78611AA2BAC2000EA278 /* Main.storyboard in Resources */ = {isa = PBXBuildFile; fileRef = B37E785F1AA2BAC2000EA278 /* Main.storyboard */; };
		B37E78631AA2BAC2000EA278 /* Images.xcassets in Resources */ = {isa = PBXBuildFile; fileRef = B37E78621AA2BAC2000EA278 /* Images.xcassets */; };
		B37E78661AA2BAC2000EA278 /* LaunchScreen.xib in Resources */ = {isa = PBXBuildFile; fileRef = B37E78641AA2BAC2000EA278 /* LaunchScreen.xib */; };
		B37E78721AA2BAC2000EA278 /* jumperTests.swift in Sources */ = {isa = PBXBuildFile; fileRef = B37E78711AA2BAC2000EA278 /* jumperTests.swift */; };
		B3C37C5C1AA94A0800025BD6 /* Bloc.swift in Sources */ = {isa = PBXBuildFile; fileRef = B3C37C5B1AA94A0800025BD6 /* Bloc.swift */; };
/* End PBXBuildFile section */

/* Begin PBXContainerItemProxy section */
		B37E786C1AA2BAC2000EA278 /* PBXContainerItemProxy */ = {
			isa = PBXContainerItemProxy;
			containerPortal = B37E784A1AA2BAC2000EA278 /* Project object */;
			proxyType = 1;
			remoteGlobalIDString = B37E78511AA2BAC2000EA278;
			remoteInfo = jumper;
		};
/* End PBXContainerItemProxy section */

/* Begin PBXFileReference section */
		B37E78521AA2BAC2000EA278 /* jumper.app */ = {isa = PBXFileReference; explicitFileType = wrapper.application; includeInIndex = 0; path = jumper.app; sourceTree = BUILT_PRODUCTS_DIR; };
		B37E78561AA2BAC2000EA278 /* Info.plist */ = {isa = PBXFileReference; lastKnownFileType = text.plist.xml; path = Info.plist; sourceTree = "<group>"; };
		B37E78571AA2BAC2000EA278 /* AppDelegate.swift */ = {isa = PBXFileReference; lastKnownFileType = sourcecode.swift; path = AppDelegate.swift; sourceTree = "<group>"; };
		B37E78591AA2BAC2000EA278 /* GameScene.sks */ = {isa = PBXFileReference; lastKnownFileType = file.sks; path = GameScene.sks; sourceTree = "<group>"; };
		B37E785B1AA2BAC2000EA278 /* GameScene.swift */ = {isa = PBXFileReference; lastKnownFileType = sourcecode.swift; path = GameScene.swift; sourceTree = "<group>"; };
		B37E785D1AA2BAC2000EA278 /* GameViewController.swift */ = {isa = PBXFileReference; lastKnownFileType = sourcecode.swift; path = GameViewController.swift; sourceTree = "<group>"; };
		B37E78601AA2BAC2000EA278 /* Base */ = {isa = PBXFileReference; lastKnownFileType = file.storyboard; name = Base; path = Base.lproj/Main.storyboard; sourceTree = "<group>"; };
		B37E78621AA2BAC2000EA278 /* Images.xcassets */ = {isa = PBXFileReference; lastKnownFileType = folder.assetcatalog; path = Images.xcassets; sourceTree = "<group>"; };
		B37E78651AA2BAC2000EA278 /* Base */ = {isa = PBXFileReference; lastKnownFileType = file.xib; name = Base; path = Base.lproj/LaunchScreen.xib; sourceTree = "<group>"; };
		B37E786B1AA2BAC2000EA278 /* jumperTests.xctest */ = {isa = PBXFileReference; explicitFileType = wrapper.cfbundle; includeInIndex = 0; path = jumperTests.xctest; sourceTree = BUILT_PRODUCTS_DIR; };
		B37E78701AA2BAC2000EA278 /* Info.plist */ = {isa = PBXFileReference; lastKnownFileType = text.plist.xml; path = Info.plist; sourceTree = "<group>"; };
		B37E78711AA2BAC2000EA278 /* jumperTests.swift */ = {isa = PBXFileReference; lastKnownFileType = sourcecode.swift; path = jumperTests.swift; sourceTree = "<group>"; };
		B3C37C5B1AA94A0800025BD6 /* Bloc.swift */ = {isa = PBXFileReference; fileEncoding = 4; lastKnownFileType = sourcecode.swift; path = Bloc.swift; sourceTree = "<group>"; };
/* End PBXFileReference section */

/* Begin PBXFrameworksBuildPhase section */
		B37E784F1AA2BAC2000EA278 /* Frameworks */ = {
			isa = PBXFrameworksBuildPhase;
			buildActionMask = 2147483647;
			files = (
			);
			runOnlyForDeploymentPostprocessing = 0;
		};
		B37E78681AA2BAC2000EA278 /* Frameworks */ = {
			isa = PBXFrameworksBuildPhase;
			buildActionMask = 2147483647;
			files = (
			);
			runOnlyForDeploymentPostprocessing = 0;
		};
/* End PBXFrameworksBuildPhase section */

/* Begin PBXGroup section */
		B37E78491AA2BAC2000EA278 = {
			isa = PBXGroup;
			children = (
				B37E78541AA2BAC2000EA278 /* jumper */,
				B37E786E1AA2BAC2000EA278 /* jumperTests */,
				B37E78531AA2BAC2000EA278 /* Products */,
			);
			sourceTree = "<group>";
		};
		B37E78531AA2BAC2000EA278 /* Products */ = {
			isa = PBXGroup;
			children = (
				B37E78521AA2BAC2000EA278 /* jumper.app */,
				B37E786B1AA2BAC2000EA278 /* jumperTests.xctest */,
			);
			name = Products;
			sourceTree = "<group>";
		};
		B37E78541AA2BAC2000EA278 /* jumper */ = {
			isa = PBXGroup;
			children = (
				B37E78571AA2BAC2000EA278 /* AppDelegate.swift */,
				B37E78591AA2BAC2000EA278 /* GameScene.sks */,
				B37E785B1AA2BAC2000EA278 /* GameScene.swift */,
				B3C37C5B1AA94A0800025BD6 /* Bloc.swift */,
				B37E785D1AA2BAC2000EA278 /* GameViewController.swift */,
				B37E785F1AA2BAC2000EA278 /* Main.storyboard */,
				B37E78621AA2BAC2000EA278 /* Images.xcassets */,
				B37E78641AA2BAC2000EA278 /* LaunchScreen.xib */,
				B37E78551AA2BAC2000EA278 /* Supporting Files */,
			);
			path = jumper;
			sourceTree = "<group>";
		};
		B37E78551AA2BAC2000EA278 /* Supporting Files */ = {
			isa = PBXGroup;
			children = (
				B37E78561AA2BAC2000EA278 /* Info.plist */,
			);
			name = "Supporting Files";
			sourceTree = "<group>";
		};
		B37E786E1AA2BAC2000EA278 /* jumperTests */ = {
			isa = PBXGroup;
			children = (
				B37E78711AA2BAC2000EA278 /* jumperTests.swift */,
				B37E786F1AA2BAC2000EA278 /* Supporting Files */,
			);
			path = jumperTests;
			sourceTree = "<group>";
		};
		B37E786F1AA2BAC2000EA278 /* Supporting Files */ = {
			isa = PBXGroup;
			children = (
				B37E78701AA2BAC2000EA278 /* Info.plist */,
			);
			name = "Supporting Files";
			sourceTree = "<group>";
		};
/* End PBXGroup section */

/* Begin PBXNativeTarget section */
		B37E78511AA2BAC2000EA278 /* jumper */ = {
			isa = PBXNativeTarget;
			buildConfigurationList = B37E78751AA2BAC2000EA278 /* Build configuration list for PBXNativeTarget "jumper" */;
			buildPhases = (
				B37E784E1AA2BAC2000EA278 /* Sources */,
				B37E784F1AA2BAC2000EA278 /* Frameworks */,
				B37E78501AA2BAC2000EA278 /* Resources */,
			);
			buildRules = (
			);
			dependencies = (
			);
			name = jumper;
			productName = jumper;
			productReference = B37E78521AA2BAC2000EA278 /* jumper.app */;
			productType = "com.apple.product-type.application";
		};
		B37E786A1AA2BAC2000EA278 /* jumperTests */ = {
			isa = PBXNativeTarget;
			buildConfigurationList = B37E78781AA2BAC2000EA278 /* Build configuration list for PBXNativeTarget "jumperTests" */;
			buildPhases = (
				B37E78671AA2BAC2000EA278 /* Sources */,
				B37E78681AA2BAC2000EA278 /* Frameworks */,
				B37E78691AA2BAC2000EA278 /* Resources */,
			);
			buildRules = (
			);
			dependencies = (
				B37E786D1AA2BAC2000EA278 /* PBXTargetDependency */,
			);
			name = jumperTests;
			productName = jumperTests;
			productReference = B37E786B1AA2BAC2000EA278 /* jumperTests.xctest */;
			productType = "com.apple.product-type.bundle.unit-test";
		};
/* End PBXNativeTarget section */

/* Begin PBXProject section */
		B37E784A1AA2BAC2000EA278 /* Project object */ = {
			isa = PBXProject;
			attributes = {
				LastUpgradeCheck = 0610;
				ORGANIZATIONNAME = "thierry skoda";
				TargetAttributes = {
					B37E78511AA2BAC2000EA278 = {
						CreatedOnToolsVersion = 6.1.1;
					};
					B37E786A1AA2BAC2000EA278 = {
						CreatedOnToolsVersion = 6.1.1;
						TestTargetID = B37E78511AA2BAC2000EA278;
					};
				};
			};
			buildConfigurationList = B37E784D1AA2BAC2000EA278 /* Build configuration list for PBXProject "jumper" */;
			compatibilityVersion = "Xcode 3.2";
			developmentRegion = English;
			hasScannedForEncodings = 0;
			knownRegions = (
				en,
				Base,
			);
			mainGroup = B37E78491AA2BAC2000EA278;
			productRefGroup = B37E78531AA2BAC2000EA278 /* Products */;
			projectDirPath = "";
			projectRoot = "";
			targets = (
				B37E78511AA2BAC2000EA278 /* jumper */,
				B37E786A1AA2BAC2000EA278 /* jumperTests */,
			);
		};
/* End PBXProject section */

/* Begin PBXResourcesBuildPhase section */
		B37E78501AA2BAC2000EA278 /* Resources */ = {
			isa = PBXResourcesBuildPhase;
			buildActionMask = 2147483647;
			files = (
				B37E78661AA2BAC2000EA278 /* LaunchScreen.xib in Resources */,
				B37E78631AA2BAC2000EA278 /* Images.xcassets in Resources */,
				B37E785A1AA2BAC2000EA278 /* GameScene.sks in Resources */,
				B37E78611AA2BAC2000EA278 /* Main.storyboard in Resources */,
			);
			runOnlyForDeploymentPostprocessing = 0;
		};
		B37E78691AA2BAC2000EA278 /* Resources */ = {
			isa = PBXResourcesBuildPhase;
			buildActionMask = 2147483647;
			files = (
			);
			runOnlyForDeploymentPostprocessing = 0;
		};
/* End PBXResourcesBuildPhase section */

/* Begin PBXSourcesBuildPhase section */
		B37E784E1AA2BAC2000EA278 /* Sources */ = {
			isa = PBXSourcesBuildPhase;
			buildActionMask = 2147483647;
			files = (
				B37E785C1AA2BAC2000EA278 /* GameScene.swift in Sources */,
				B3C37C5C1AA94A0800025BD6 /* Bloc.swift in Sources */,
				B37E785E1AA2BAC2000EA278 /* GameViewController.swift in Sources */,
				B37E78581AA2BAC2000EA278 /* AppDelegate.swift in Sources */,
			);
			runOnlyForDeploymentPostprocessing = 0;
		};
		B37E78671AA2BAC2000EA278 /* Sources */ = {
			isa = PBXSourcesBuildPhase;
			buildActionMask = 2147483647;
			files = (
				B37E78721AA2BAC2000EA278 /* jumperTests.swift in Sources */,
			);
			runOnlyForDeploymentPostprocessing = 0;
		};
/* End PBXSourcesBuildPhase section */

/* Begin PBXTargetDependency section */
		B37E786D1AA2BAC2000EA278 /* PBXTargetDependency */ = {
			isa = PBXTargetDependency;
			target = B37E78511AA2BAC2000EA278 /* jumper */;
			targetProxy = B37E786C1AA2BAC2000EA278 /* PBXContainerItemProxy */;
		};
/* End PBXTargetDependency section */

/* Begin PBXVariantGroup section */
		B37E785F1AA2BAC2000EA278 /* Main.storyboard */ = {
			isa = PBXVariantGroup;
			children = (
				B37E78601AA2BAC2000EA278 /* Base */,
			);
			name = Main.storyboard;
			sourceTree = "<group>";
		};
		B37E78641AA2BAC2000EA278 /* LaunchScreen.xib */ = {
			isa = PBXVariantGroup;
			children = (
				B37E78651AA2BAC2000EA278 /* Base */,
			);
			name = LaunchScreen.xib;
			sourceTree = "<group>";
		};
/* End PBXVariantGroup section */

/* Begin XCBuildConfiguration section */
		B37E78731AA2BAC2000EA278 /* Debug */ = {
			isa = XCBuildConfiguration;
			buildSettings = {
				ALWAYS_SEARCH_USER_PATHS = NO;
				CLANG_CXX_LANGUAGE_STANDARD = "gnu++0x";
				CLANG_CXX_LIBRARY = "libc++";
				CLANG_ENABLE_MODULES = YES;
				CLANG_ENABLE_OBJC_ARC = YES;
				CLANG_WARN_BOOL_CONVERSION = YES;
				CLANG_WARN_CONSTANT_CONVERSION = YES;
				CLANG_WARN_DIRECT_OBJC_ISA_USAGE = YES_ERROR;
				CLANG_WARN_EMPTY_BODY = YES;
				CLANG_WARN_ENUM_CONVERSION = YES;
				CLANG_WARN_INT_CONVERSION = YES;
				CLANG_WARN_OBJC_ROOT_CLASS = YES_ERROR;
				CLANG_WARN_UNREACHABLE_CODE = YES;
				CLANG_WARN__DUPLICATE_METHOD_MATCH = YES;
				"CODE_SIGN_IDENTITY[sdk=iphoneos*]" = "iPhone Developer";
				COPY_PHASE_STRIP = NO;
				ENABLE_STRICT_OBJC_MSGSEND = YES;
				GCC_C_LANGUAGE_STANDARD = gnu99;
				GCC_DYNAMIC_NO_PIC = NO;
				GCC_OPTIMIZATION_LEVEL = 0;
				GCC_PREPROCESSOR_DEFINITIONS = (
					"DEBUG=1",
					"$(inherited)",
				);
				GCC_SYMBOLS_PRIVATE_EXTERN = NO;
				GCC_WARN_64_TO_32_BIT_CONVERSION = YES;
				GCC_WARN_ABOUT_RETURN_TYPE = YES_ERROR;
				GCC_WARN_UNDECLARED_SELECTOR = YES;
				GCC_WARN_UNINITIALIZED_AUTOS = YES_AGGRESSIVE;
				GCC_WARN_UNUSED_FUNCTION = YES;
				GCC_WARN_UNUSED_VARIABLE = YES;
				IPHONEOS_DEPLOYMENT_TARGET = 8.1;
				MTL_ENABLE_DEBUG_INFO = YES;
				ONLY_ACTIVE_ARCH = YES;
				SDKROOT = iphoneos;
				SWIFT_OPTIMIZATION_LEVEL = "-Onone";
				TARGETED_DEVICE_FAMILY = "1,2";
			};
			name = Debug;
		};
		B37E78741AA2BAC2000EA278 /* Release */ = {
			isa = XCBuildConfiguration;
			buildSettings = {
				ALWAYS_SEARCH_USER_PATHS = NO;
				CLANG_CXX_LANGUAGE_STANDARD = "gnu++0x";
				CLANG_CXX_LIBRARY = "libc++";
				CLANG_ENABLE_MODULES = YES;
				CLANG_ENABLE_OBJC_ARC = YES;
				CLANG_WARN_BOOL_CONVERSION = YES;
				CLANG_WARN_CONSTANT_CONVERSION = YES;
				CLANG_WARN_DIRECT_OBJC_ISA_USAGE = YES_ERROR;
				CLANG_WARN_EMPTY_BODY = YES;
				CLANG_WARN_ENUM_CONVERSION = YES;
				CLANG_WARN_INT_CONVERSION = YES;
				CLANG_WARN_OBJC_ROOT_CLASS = YES_ERROR;
				CLANG_WARN_UNREACHABLE_CODE = YES;
				CLANG_WARN__DUPLICATE_METHOD_MATCH = YES;
				"CODE_SIGN_IDENTITY[sdk=iphoneos*]" = "iPhone Developer";
				COPY_PHASE_STRIP = YES;
				ENABLE_NS_ASSERTIONS = NO;
				ENABLE_STRICT_OBJC_MSGSEND = YES;
				GCC_C_LANGUAGE_STANDARD = gnu99;
				GCC_WARN_64_TO_32_BIT_CONVERSION = YES;
				GCC_WARN_ABOUT_RETURN_TYPE = YES_ERROR;
				GCC_WARN_UNDECLARED_SELECTOR = YES;
				GCC_WARN_UNINITIALIZED_AUTOS = YES_AGGRESSIVE;
				GCC_WARN_UNUSED_FUNCTION = YES;
				GCC_WARN_UNUSED_VARIABLE = YES;
				IPHONEOS_DEPLOYMENT_TARGET = 8.1;
				MTL_ENABLE_DEBUG_INFO = NO;
				SDKROOT = iphoneos;
				TARGETED_DEVICE_FAMILY = "1,2";
				VALIDATE_PRODUCT = YES;
			};
			name = Release;
		};
		B37E78761AA2BAC2000EA278 /* Debug */ = {
			isa = XCBuildConfiguration;
			buildSettings = {
				ASSETCATALOG_COMPILER_APPICON_NAME = AppIcon;
				INFOPLIST_FILE = jumper/Info.plist;
				LD_RUNPATH_SEARCH_PATHS = "$(inherited) @executable_path/Frameworks";
				PRODUCT_NAME = "$(TARGET_NAME)";
			};
			name = Debug;
		};
		B37E78771AA2BAC2000EA278 /* Release */ = {
			isa = XCBuildConfiguration;
			buildSettings = {
				ASSETCATALOG_COMPILER_APPICON_NAME = AppIcon;
				INFOPLIST_FILE = jumper/Info.plist;
				LD_RUNPATH_SEARCH_PATHS = "$(inherited) @executable_path/Frameworks";
				PRODUCT_NAME = "$(TARGET_NAME)";
			};
			name = Release;
		};
		B37E78791AA2BAC2000EA278 /* Debug */ = {
			isa = XCBuildConfiguration;
			buildSettings = {
				BUNDLE_LOADER = "$(TEST_HOST)";
				FRAMEWORK_SEARCH_PATHS = (
					"$(SDKROOT)/Developer/Library/Frameworks",
					"$(inherited)",
				);
				GCC_PREPROCESSOR_DEFINITIONS = (
					"DEBUG=1",
					"$(inherited)",
				);
				INFOPLIST_FILE = jumperTests/Info.plist;
				LD_RUNPATH_SEARCH_PATHS = "$(inherited) @executable_path/Frameworks @loader_path/Frameworks";
				PRODUCT_NAME = "$(TARGET_NAME)";
				TEST_HOST = "$(BUILT_PRODUCTS_DIR)/jumper.app/jumper";
			};
			name = Debug;
		};
		B37E787A1AA2BAC2000EA278 /* Release */ = {
			isa = XCBuildConfiguration;
			buildSettings = {
				BUNDLE_LOADER = "$(TEST_HOST)";
				FRAMEWORK_SEARCH_PATHS = (
					"$(SDKROOT)/Developer/Library/Frameworks",
					"$(inherited)",
				);
				INFOPLIST_FILE = jumperTests/Info.plist;
				LD_RUNPATH_SEARCH_PATHS = "$(inherited) @executable_path/Frameworks @loader_path/Frameworks";
				PRODUCT_NAME = "$(TARGET_NAME)";
				TEST_HOST = "$(BUILT_PRODUCTS_DIR)/jumper.app/jumper";
			};
			name = Release;
		};
/* End XCBuildConfiguration section */

/* Begin XCConfigurationList section */
		B37E784D1AA2BAC2000EA278 /* Build configuration list for PBXProject "jumper" */ = {
			isa = XCConfigurationList;
			buildConfigurations = (
				B37E78731AA2BAC2000EA278 /* Debug */,
				B37E78741AA2BAC2000EA278 /* Release */,
			);
			defaultConfigurationIsVisible = 0;
			defaultConfigurationName = Release;
		};
		B37E78751AA2BAC2000EA278 /* Build configuration list for PBXNativeTarget "jumper" */ = {
			isa = XCConfigurationList;
			buildConfigurations = (
				B37E78761AA2BAC2000EA278 /* Debug */,
				B37E78771AA2BAC2000EA278 /* Release */,
			);
			defaultConfigurationIsVisible = 0;
			defaultConfigurationName = Release;
		};
		B37E78781AA2BAC2000EA278 /* Build configuration list for PBXNativeTarget "jumperTests" */ = {
			isa = XCConfigurationList;
			buildConfigurations = (
				B37E78791AA2BAC2000EA278 /* Debug */,
				B37E787A1AA2BAC2000EA278 /* Release */,
			);
			defaultConfigurationIsVisible = 0;
			defaultConfigurationName = Release;
		};
/* End XCConfigurationList section */
	};
	rootObject = B37E784A1AA2BAC2000EA278 /* Project object */;
}
